
Microsoft Visual Studio Solution File, Format Version 12.00
# Visual Studio 2013
VisualStudioVersion = 12.0.21005.1
MinimumVisualStudioVersion = 10.0.40219.1
Project("{FAE04EC0-301F-11D3-BF4B-00C04F79EFBC}") = "Calculator.Core", "Calculator.Core\Calculator.Core.csproj", "{151100D9-72AF-498C-810D-E771FF39FF71}"
EndProject
Project("{FAE04EC0-301F-11D3-BF4B-00C04F79EFBC}") = "Calculator.Core.Tests", "Calculator.Core.Tests\Calculator.Core.Tests.csproj", "{B835E317-5C0D-42F6-99D2-499A1652BA05}"
EndProject
Global
	GlobalSection(SolutionConfigurationPlatforms) = preSolution
		Debug|Any CPU = Debug|Any CPU
		Release|Any CPU = Release|Any CPU
	EndGlobalSection
	GlobalSection(ProjectConfigurationPlatforms) = postSolution
		{151100D9-72AF-498C-810D-E771FF39FF71}.Debug|Any CPU.ActiveCfg = Debug|Any CPU
		{151100D9-72AF-498C-810D-E771FF39FF71}.Debug|Any CPU.Build.0 = Debug|Any CPU
		{151100D9-72AF-498C-810D-E771FF39FF71}.Release|Any CPU.ActiveCfg = Release|Any CPU
		{151100D9-72AF-498C-810D-E771FF39FF71}.Release|Any CPU.Build.0 = Release|Any CPU
		{B835E317-5C0D-42F6-99D2-499A1652BA05}.Debug|Any CPU.ActiveCfg = Debug|Any CPU
		{B835E317-5C0D-42F6-99D2-499A1652BA05}.Debug|Any CPU.Build.0 = Debug|Any CPU
		{B835E317-5C0D-42F6-99D2-499A1652BA05}.Release|Any CPU.ActiveCfg = Release|Any CPU
		{B835E317-5C0D-42F6-99D2-499A1652BA05}.Release|Any CPU.Build.0 = Release|Any CPU
	EndGlobalSection
	GlobalSection(SolutionProperties) = preSolution
		HideSolutionNode = FALSE
	EndGlobalSection
EndGlobal
